// !$*UTF8*$!
{
	archiveVersion = 1;
	classes = {
	};
	objectVersion = 46;
	objects = {

/* Begin PBXBuildFile section */
		EDB25A441DF983210014EE03 /* RNCrashReporter.m in Sources */ = {isa = PBXBuildFile; fileRef = EDB25A431DF983210014EE03 /* RNCrashReporter.m */; };
		EDB25A451DF983210014EE03 /* RNCrashReporter.h in CopyFiles */ = {isa = PBXBuildFile; fileRef = EDB25A421DF983210014EE03 /* RNCrashReporter.h */; };
/* End PBXBuildFile section */

/* Begin PBXCopyFilesBuildPhase section */
		EDB25A3D1DF983210014EE03 /* CopyFiles */ = {
			isa = PBXCopyFilesBuildPhase;
			buildActionMask = 2147483647;
			dstPath = "include/$(PRODUCT_NAME)";
			dstSubfolderSpec = 16;
			files = (
				EDB25A451DF983210014EE03 /* RNCrashReporter.h in CopyFiles */,
			);
			runOnlyForDeploymentPostprocessing = 0;
		};
/* End PBXCopyFilesBuildPhase section */

/* Begin PBXFileReference section */
		EDB25A3F1DF983210014EE03 /* libRNCrashReporter.a */ = {isa = PBXFileReference; explicitFileType = archive.ar; includeInIndex = 0; path = libRNCrashReporter.a; sourceTree = BUILT_PRODUCTS_DIR; };
		EDB25A421DF983210014EE03 /* RNCrashReporter.h */ = {isa = PBXFileReference; lastKnownFileType = sourcecode.c.h; path = RNCrashReporter.h; sourceTree = "<group>"; };
		EDB25A431DF983210014EE03 /* RNCrashReporter.m */ = {isa = PBXFileReference; lastKnownFileType = sourcecode.c.objc; path = RNCrashReporter.m; sourceTree = "<group>"; };
/* End PBXFileReference section */

/* Begin PBXFrameworksBuildPhase section */
		EDB25A3C1DF983210014EE03 /* Frameworks */ = {
			isa = PBXFrameworksBuildPhase;
			buildActionMask = 2147483647;
			files = (
			);
			runOnlyForDeploymentPostprocessing = 0;
		};
/* End PBXFrameworksBuildPhase section */

/* Begin PBXGroup section */
		EDB25A361DF983210014EE03 = {
			isa = PBXGroup;
			children = (
				EDB25A411DF983210014EE03 /* RNCrashReporter */,
				EDB25A401DF983210014EE03 /* Products */,
			);
			sourceTree = "<group>";
		};
		EDB25A401DF983210014EE03 /* Products */ = {
			isa = PBXGroup;
			children = (
				EDB25A3F1DF983210014EE03 /* libRNCrashReporter.a */,
			);
			name = Products;
			sourceTree = "<group>";
		};
		EDB25A411DF983210014EE03 /* RNCrashReporter */ = {
			isa = PBXGroup;
			children = (
				EDB25A421DF983210014EE03 /* RNCrashReporter.h */,
				EDB25A431DF983210014EE03 /* RNCrashReporter.m */,
			);
			name = RNCrashReporter;
			path = RNCrashReporter;
			sourceTree = "<group>";
		};
/* End PBXGroup section */

/* Begin PBXNativeTarget section */
		EDB25A3E1DF983210014EE03 /* RNCrashReporter */ = {
			isa = PBXNativeTarget;
			buildConfigurationList = EDB25A481DF983210014EE03 /* Build configuration list for PBXNativeTarget "RNCrashReporter" */;
			buildPhases = (
				EDB25A3B1DF983210014EE03 /* Sources */,
				EDB25A3C1DF983210014EE03 /* Frameworks */,
				EDB25A3D1DF983210014EE03 /* CopyFiles */,
			);
			buildRules = (
			);
			dependencies = (
			);
			name = RNCrashReporter;
			productName = RNCrashReporter;
			productReference = EDB25A3F1DF983210014EE03 /* libRNCrashReporter.a */;
			productType = "com.apple.product-type.library.static";
		};
/* End PBXNativeTarget section */

/* Begin PBXProject section */
		EDB25A371DF983210014EE03 /* Project object */ = {
			isa = PBXProject;
			attributes = {
				LastUpgradeCheck = 0800;
				ORGANIZATIONNAME = Systango;
				TargetAttributes = {
					EDB25A3E1DF983210014EE03 = {
						CreatedOnToolsVersion = 8.0;
						DevelopmentTeam = 2W8FH84P94;
						ProvisioningStyle = Automatic;
					};
				};
			};
			buildConfigurationList = EDB25A3A1DF983210014EE03 /* Build configuration list for PBXProject "RNCrashReporter" */;
			compatibilityVersion = "Xcode 3.2";
			developmentRegion = English;
			hasScannedForEncodings = 0;
			knownRegions = (
				en,
			);
			mainGroup = EDB25A361DF983210014EE03;
			productRefGroup = EDB25A401DF983210014EE03 /* Products */;
			projectDirPath = "";
			projectRoot = "";
			targets = (
				EDB25A3E1DF983210014EE03 /* RNCrashReporter */,
			);
		};
/* End PBXProject section */

/* Begin PBXSourcesBuildPhase section */
		EDB25A3B1DF983210014EE03 /* Sources */ = {
			isa = PBXSourcesBuildPhase;
			buildActionMask = 2147483647;
			files = (
				EDB25A441DF983210014EE03 /* RNCrashReporter.m in Sources */,
			);
			runOnlyForDeploymentPostprocessing = 0;
		};
/* End PBXSourcesBuildPhase section */

/* Begin XCBuildConfiguration section */
		EDB25A461DF983210014EE03 /* Debug */ = {
			isa = XCBuildConfiguration;
			buildSettings = {
				ALWAYS_SEARCH_USER_PATHS = NO;
				CLANG_ANALYZER_NONNULL = YES;
				CLANG_CXX_LANGUAGE_STANDARD = "gnu++0x";
				CLANG_CXX_LIBRARY = "libc++";
				CLANG_ENABLE_MODULES = YES;
				CLANG_ENABLE_OBJC_ARC = YES;
				CLANG_WARN_BOOL_CONVERSION = YES;
				CLANG_WARN_CONSTANT_CONVERSION = YES;
				CLANG_WARN_DIRECT_OBJC_ISA_USAGE = YES_ERROR;
				CLANG_WARN_DOCUMENTATION_COMMENTS = YES;
				CLANG_WARN_EMPTY_BODY = YES;
				CLANG_WARN_ENUM_CONVERSION = YES;
				CLANG_WARN_INFINITE_RECURSION = YES;
				CLANG_WARN_INT_CONVERSION = YES;
				CLANG_WARN_OBJC_ROOT_CLASS = YES_ERROR;
				CLANG_WARN_SUSPICIOUS_MOVES = YES;
				CLANG_WARN_UNREACHABLE_CODE = YES;
				CLANG_WARN__DUPLICATE_METHOD_MATCH = YES;
				"CODE_SIGN_IDENTITY[sdk=iphoneos*]" = "iPhone Developer";
				COPY_PHASE_STRIP = NO;
				DEBUG_INFORMATION_FORMAT = dwarf;
				ENABLE_STRICT_OBJC_MSGSEND = YES;
				ENABLE_TESTABILITY = YES;
				GCC_C_LANGUAGE_STANDARD = gnu99;
				GCC_DYNAMIC_NO_PIC = NO;
				GCC_NO_COMMON_BLOCKS = YES;
				GCC_OPTIMIZATION_LEVEL = 0;
				GCC_PREPROCESSOR_DEFINITIONS = (
					"DEBUG=1",
					"$(inherited)",
				);
				GCC_WARN_64_TO_32_BIT_CONVERSION = YES;
				GCC_WARN_ABOUT_RETURN_TYPE = YES_ERROR;
				GCC_WARN_UNDECLARED_SELECTOR = YES;
				GCC_WARN_UNINITIALIZED_AUTOS = YES_AGGRESSIVE;
				GCC_WARN_UNUSED_FUNCTION = YES;
				GCC_WARN_UNUSED_VARIABLE = YES;
				IPHONEOS_DEPLOYMENT_TARGET = 10.0;
				MTL_ENABLE_DEBUG_INFO = YES;
				ONLY_ACTIVE_ARCH = YES;
				SDKROOT = iphoneos;
			};
			name = Debug;
		};
		EDB25A471DF983210014EE03 /* Release */ = {
			isa = XCBuildConfiguration;
			buildSettings = {
				ALWAYS_SEARCH_USER_PATHS = NO;
				CLANG_ANALYZER_NONNULL = YES;
				CLANG_CXX_LANGUAGE_STANDARD = "gnu++0x";
				CLANG_CXX_LIBRARY = "libc++";
				CLANG_ENABLE_MODULES = YES;
				CLANG_ENABLE_OBJC_ARC = YES;
				CLANG_WARN_BOOL_CONVERSION = YES;
				CLANG_WARN_CONSTANT_CONVERSION = YES;
				CLANG_WARN_DIRECT_OBJC_ISA_USAGE = YES_ERROR;
				CLANG_WARN_DOCUMENTATION_COMMENTS = YES;
				CLANG_WARN_EMPTY_BODY = YES;
				CLANG_WARN_ENUM_CONVERSION = YES;
				CLANG_WARN_INFINITE_RECURSION = YES;
				CLANG_WARN_INT_CONVERSION = YES;
				CLANG_WARN_OBJC_ROOT_CLASS = YES_ERROR;
				CLANG_WARN_SUSPICIOUS_MOVES = YES;
				CLANG_WARN_UNREACHABLE_CODE = YES;
				CLANG_WARN__DUPLICATE_METHOD_MATCH = YES;
				"CODE_SIGN_IDENTITY[sdk=iphoneos*]" = "iPhone Developer";
				COPY_PHASE_STRIP = NO;
				DEBUG_INFORMATION_FORMAT = "dwarf-with-dsym";
				ENABLE_NS_ASSERTIONS = NO;
				ENABLE_STRICT_OBJC_MSGSEND = YES;
				GCC_C_LANGUAGE_STANDARD = gnu99;
				GCC_NO_COMMON_BLOCKS = YES;
				GCC_WARN_64_TO_32_BIT_CONVERSION = YES;
				GCC_WARN_ABOUT_RETURN_TYPE = YES_ERROR;
				GCC_WARN_UNDECLARED_SELECTOR = YES;
				GCC_WARN_UNINITIALIZED_AUTOS = YES_AGGRESSIVE;
				GCC_WARN_UNUSED_FUNCTION = YES;
				GCC_WARN_UNUSED_VARIABLE = YES;
				IPHONEOS_DEPLOYMENT_TARGET = 10.0;
				MTL_ENABLE_DEBUG_INFO = NO;
				SDKROOT = iphoneos;
				VALIDATE_PRODUCT = YES;
			};
			name = Release;
		};
		EDB25A491DF983210014EE03 /* Debug */ = {
			isa = XCBuildConfiguration;
			buildSettings = {
				DEVELOPMENT_TEAM = 2W8FH84P94;
				HEADER_SEARCH_PATHS = (
					"$(inherited)",
					/Applications/Xcode.app/Contents/Developer/Toolchains/XcodeDefault.xctoolchain/usr/include,
					"${SRCROOT}/../../react-native/React/**",
					"$(SRCROOT)/../../React/**",
				);
				LIBRARY_SEARCH_PATHS = "";
				OTHER_LDFLAGS = "-ObjC";
				PRODUCT_NAME = "$(TARGET_NAME)";
				SKIP_INSTALL = YES;
			};
			name = Debug;
		};
		EDB25A4A1DF983210014EE03 /* Release */ = {
			isa = XCBuildConfiguration;
			buildSettings = {
				DEVELOPMENT_TEAM = 2W8FH84P94;
				HEADER_SEARCH_PATHS = (
					"$(inherited)",
					/Applications/Xcode.app/Contents/Developer/Toolchains/XcodeDefault.xctoolchain/usr/include,
					"${SRCROOT}/../../react-native/React/**",
					"$(SRCROOT)/../../React/**",
				);
				LIBRARY_SEARCH_PATHS = "";
				OTHER_LDFLAGS = "-ObjC";
				PRODUCT_NAME = "$(TARGET_NAME)";
				SKIP_INSTALL = YES;
			};
			name = Release;
		};
/* End XCBuildConfiguration section */

/* Begin XCConfigurationList section */
		EDB25A3A1DF983210014EE03 /* Build configuration list for PBXProject "RNCrashReporter" */ = {
			isa = XCConfigurationList;
			buildConfigurations = (
				EDB25A461DF983210014EE03 /* Debug */,
				EDB25A471DF983210014EE03 /* Release */,
			);
			defaultConfigurationIsVisible = 0;
			defaultConfigurationName = Release;
		};
		EDB25A481DF983210014EE03 /* Build configuration list for PBXNativeTarget "RNCrashReporter" */ = {
			isa = XCConfigurationList;
			buildConfigurations = (
				EDB25A491DF983210014EE03 /* Debug */,
				EDB25A4A1DF983210014EE03 /* Release */,
			);
			defaultConfigurationIsVisible = 0;
			defaultConfigurationName = Release;
		};
/* End XCConfigurationList section */
	};
	rootObject = EDB25A371DF983210014EE03 /* Project object */;
}
